
Microsoft Visual Studio Solution File, Format Version 12.00
# Visual Studio 15
VisualStudioVersion = 15.0.28307.421
MinimumVisualStudioVersion = 10.0.40219.1
Project("{6EC3EE1D-3C4E-46DD-8F32-0CC8E7565705}") = "DualStrikeQuotes", "DualStrikeQuotes\DualStrikeQuotes.fsproj", "{19C2FE68-2CAF-4618-8E4D-A193FA20420A}"
EndProject
Project("{9A19103F-16F7-4668-BE54-9A1E7A4F7556}") = "FunctionApp2", "FunctionApp2\FunctionApp2.csproj", "{893980DF-0D8B-4FCF-8987-7D5183D535A2}"
EndProject
Project("{2150E333-8FDC-42A3-9474-1A3956D46DE8}") = "Solution Items", "Solution Items", "{217DA540-C237-4945-B63D-A835BC787769}"
	ProjectSection(SolutionItems) = preProject
		.gitignore = .gitignore
		LICENSE.txt = LICENSE.txt
		README.md = README.md
	EndProjectSection
EndProject
Global
	GlobalSection(SolutionConfigurationPlatforms) = preSolution
		Debug|Any CPU = Debug|Any CPU
		Release|Any CPU = Release|Any CPU
	EndGlobalSection
	GlobalSection(ProjectConfigurationPlatforms) = postSolution
		{19C2FE68-2CAF-4618-8E4D-A193FA20420A}.Debug|Any CPU.ActiveCfg = Debug|Any CPU
		{19C2FE68-2CAF-4618-8E4D-A193FA20420A}.Debug|Any CPU.Build.0 = Debug|Any CPU
		{19C2FE68-2CAF-4618-8E4D-A193FA20420A}.Release|Any CPU.ActiveCfg = Release|Any CPU
		{19C2FE68-2CAF-4618-8E4D-A193FA20420A}.Release|Any CPU.Build.0 = Release|Any CPU
		{893980DF-0D8B-4FCF-8987-7D5183D535A2}.Debug|Any CPU.ActiveCfg = Debug|Any CPU
		{893980DF-0D8B-4FCF-8987-7D5183D535A2}.Debug|Any CPU.Build.0 = Debug|Any CPU
		{893980DF-0D8B-4FCF-8987-7D5183D535A2}.Release|Any CPU.ActiveCfg = Release|Any CPU
		{893980DF-0D8B-4FCF-8987-7D5183D535A2}.Release|Any CPU.Build.0 = Release|Any CPU
	EndGlobalSection
	GlobalSection(SolutionProperties) = preSolution
		HideSolutionNode = FALSE
	EndGlobalSection
	GlobalSection(ExtensibilityGlobals) = postSolution
		SolutionGuid = {C9B763F0-088E-44A8-916F-5F49778B7BBA}
	EndGlobalSection
EndGlobal
